
Microsoft Visual Studio Solution File, Format Version 12.00
# Visual Studio Version 17
VisualStudioVersion = 17.4.33122.133
MinimumVisualStudioVersion = 10.0.40219.1
Project("{9A19103F-16F7-4668-BE54-9A1E7A4F7556}") = "Problem", "Problem\Problem.csproj", "{BF5A32E1-4557-4992-B478-AA69D5F9E193}"
EndProject
Project("{FAE04EC0-301F-11D3-BF4B-00C04F79EFBC}") = "dz", "dz\dz.csproj", "{E6438C55-34D6-4054-A3CD-E1C40C59F9CF}"
EndProject
Global
	GlobalSection(SolutionConfigurationPlatforms) = preSolution
		Debug|Any CPU = Debug|Any CPU
		Release|Any CPU = Release|Any CPU
	EndGlobalSection
	GlobalSection(ProjectConfigurationPlatforms) = postSolution
		{BF5A32E1-4557-4992-B478-AA69D5F9E193}.Debug|Any CPU.ActiveCfg = Debug|Any CPU
		{BF5A32E1-4557-4992-B478-AA69D5F9E193}.Debug|Any CPU.Build.0 = Debug|Any CPU
		{BF5A32E1-4557-4992-B478-AA69D5F9E193}.Release|Any CPU.ActiveCfg = Release|Any CPU
		{BF5A32E1-4557-4992-B478-AA69D5F9E193}.Release|Any CPU.Build.0 = Release|Any CPU
		{E6438C55-34D6-4054-A3CD-E1C40C59F9CF}.Debug|Any CPU.ActiveCfg = Debug|Any CPU
		{E6438C55-34D6-4054-A3CD-E1C40C59F9CF}.Debug|Any CPU.Build.0 = Debug|Any CPU
		{E6438C55-34D6-4054-A3CD-E1C40C59F9CF}.Release|Any CPU.ActiveCfg = Release|Any CPU
		{E6438C55-34D6-4054-A3CD-E1C40C59F9CF}.Release|Any CPU.Build.0 = Release|Any CPU
	EndGlobalSection
	GlobalSection(SolutionProperties) = preSolution
		HideSolutionNode = FALSE
	EndGlobalSection
	GlobalSection(ExtensibilityGlobals) = postSolution
		SolutionGuid = {DC1290F3-703F-46BA-A523-02B487B12A4A}
	EndGlobalSection
EndGlobal
